
Microsoft Visual Studio Solution File, Format Version 12.00
# Visual Studio Version 17
VisualStudioVersion = 17.12.35527.113 d17.12
MinimumVisualStudioVersion = 10.0.40219.1
Project("{FAE04EC0-301F-11D3-BF4B-00C04F79EFBC}") = "OOP05", "OOP05\OOP05.csproj", "{BD4CC230-EF6D-4610-B5DD-2BF411AB3864}"
EndProject
Project("{FAE04EC0-301F-11D3-BF4B-00C04F79EFBC}") = "Ass05", "Ass05\Ass05.csproj", "{26183D3A-4F47-4E81-82C5-C452BD69DC1B}"
EndProject
Global
	GlobalSection(SolutionConfigurationPlatforms) = preSolution
		Debug|Any CPU = Debug|Any CPU
		Release|Any CPU = Release|Any CPU
	EndGlobalSection
	GlobalSection(ProjectConfigurationPlatforms) = postSolution
		{BD4CC230-EF6D-4610-B5DD-2BF411AB3864}.Debug|Any CPU.ActiveCfg = Debug|Any CPU
		{BD4CC230-EF6D-4610-B5DD-2BF411AB3864}.Debug|Any CPU.Build.0 = Debug|Any CPU
		{BD4CC230-EF6D-4610-B5DD-2BF411AB3864}.Release|Any CPU.ActiveCfg = Release|Any CPU
		{BD4CC230-EF6D-4610-B5DD-2BF411AB3864}.Release|Any CPU.Build.0 = Release|Any CPU
		{26183D3A-4F47-4E81-82C5-C452BD69DC1B}.Debug|Any CPU.ActiveCfg = Debug|Any CPU
		{26183D3A-4F47-4E81-82C5-C452BD69DC1B}.Debug|Any CPU.Build.0 = Debug|Any CPU
		{26183D3A-4F47-4E81-82C5-C452BD69DC1B}.Release|Any CPU.ActiveCfg = Release|Any CPU
		{26183D3A-4F47-4E81-82C5-C452BD69DC1B}.Release|Any CPU.Build.0 = Release|Any CPU
	EndGlobalSection
	GlobalSection(SolutionProperties) = preSolution
		HideSolutionNode = FALSE
	EndGlobalSection
EndGlobal
